
Microsoft Visual Studio Solution File, Format Version 12.00
# Visual Studio Version 17
VisualStudioVersion = 17.14.36511.14 d17.14
MinimumVisualStudioVersion = 10.0.40219.1
Project("{FAE04EC0-301F-11D3-BF4B-00C04F79EFBC}") = "WebApplication1", "WebApplication1\WebApplication1.csproj", "{147FCB4B-29DE-4A45-83C9-175C606B2232}"
EndProject
Project("{FAE04EC0-301F-11D3-BF4B-00C04F79EFBC}") = "WebApplication1.Tests", "WebApplication1.Tests\WebApplication1.Tests.csproj", "{B59DE4B3-D84E-4184-BCA1-BA451D7F4D0C}"
EndProject
Global
	GlobalSection(SolutionConfigurationPlatforms) = preSolution
		Debug|Any CPU = Debug|Any CPU
		Release|Any CPU = Release|Any CPU
	EndGlobalSection
	GlobalSection(ProjectConfigurationPlatforms) = postSolution
		{147FCB4B-29DE-4A45-83C9-175C606B2232}.Debug|Any CPU.ActiveCfg = Debug|Any CPU
		{147FCB4B-29DE-4A45-83C9-175C606B2232}.Debug|Any CPU.Build.0 = Debug|Any CPU
		{147FCB4B-29DE-4A45-83C9-175C606B2232}.Release|Any CPU.ActiveCfg = Release|Any CPU
		{147FCB4B-29DE-4A45-83C9-175C606B2232}.Release|Any CPU.Build.0 = Release|Any CPU
		{B59DE4B3-D84E-4184-BCA1-BA451D7F4D0C}.Debug|Any CPU.ActiveCfg = Debug|Any CPU
		{B59DE4B3-D84E-4184-BCA1-BA451D7F4D0C}.Debug|Any CPU.Build.0 = Debug|Any CPU
		{B59DE4B3-D84E-4184-BCA1-BA451D7F4D0C}.Release|Any CPU.ActiveCfg = Release|Any CPU
		{B59DE4B3-D84E-4184-BCA1-BA451D7F4D0C}.Release|Any CPU.Build.0 = Release|Any CPU
	EndGlobalSection
	GlobalSection(SolutionProperties) = preSolution
		HideSolutionNode = FALSE
	EndGlobalSection
	GlobalSection(ExtensibilityGlobals) = postSolution
		SolutionGuid = {3C10070C-F499-4B7A-A206-5E835EFBF4C6}
	EndGlobalSection
EndGlobal
